
Microsoft Visual Studio Solution File, Format Version 12.00
# Visual Studio 2012
Project("{FAE04EC0-301F-11D3-BF4B-00C04F79EFBC}") = "Case1", "Case1\Case1.csproj", "{2AA14222-78AD-44BC-9CD9-C7B12F3EAA82}"
EndProject
Project("{FAE04EC0-301F-11D3-BF4B-00C04F79EFBC}") = "Case1.Test", "Case1.Test\Case1.Test.csproj", "{6E201C2C-1D32-45AC-9B1B-093812905406}"
EndProject
Global
	GlobalSection(SolutionConfigurationPlatforms) = preSolution
		Debug|Any CPU = Debug|Any CPU
		Release|Any CPU = Release|Any CPU
	EndGlobalSection
	GlobalSection(ProjectConfigurationPlatforms) = postSolution
		{2AA14222-78AD-44BC-9CD9-C7B12F3EAA82}.Debug|Any CPU.ActiveCfg = Debug|Any CPU
		{2AA14222-78AD-44BC-9CD9-C7B12F3EAA82}.Debug|Any CPU.Build.0 = Debug|Any CPU
		{2AA14222-78AD-44BC-9CD9-C7B12F3EAA82}.Release|Any CPU.ActiveCfg = Release|Any CPU
		{2AA14222-78AD-44BC-9CD9-C7B12F3EAA82}.Release|Any CPU.Build.0 = Release|Any CPU
		{6E201C2C-1D32-45AC-9B1B-093812905406}.Debug|Any CPU.ActiveCfg = Debug|Any CPU
		{6E201C2C-1D32-45AC-9B1B-093812905406}.Debug|Any CPU.Build.0 = Debug|Any CPU
		{6E201C2C-1D32-45AC-9B1B-093812905406}.Release|Any CPU.ActiveCfg = Release|Any CPU
		{6E201C2C-1D32-45AC-9B1B-093812905406}.Release|Any CPU.Build.0 = Release|Any CPU
	EndGlobalSection
	GlobalSection(SolutionProperties) = preSolution
		HideSolutionNode = FALSE
	EndGlobalSection
EndGlobal
